
Microsoft Visual Studio Solution File, Format Version 12.00
# Visual Studio Version 17
VisualStudioVersion = 17.5.33530.505
MinimumVisualStudioVersion = 10.0.40219.1
Project("{888888A0-9F3D-457C-B088-3A5042F75D52}") = "project22", "project22.pyproj", "{09169937-93FF-4038-8919-FBA4EC3EC97E}"
EndProject
Global
	GlobalSection(SolutionConfigurationPlatforms) = preSolution
		Debug|Any CPU = Debug|Any CPU
		Release|Any CPU = Release|Any CPU
	EndGlobalSection
	GlobalSection(ProjectConfigurationPlatforms) = postSolution
		{09169937-93FF-4038-8919-FBA4EC3EC97E}.Debug|Any CPU.ActiveCfg = Debug|Any CPU
		{09169937-93FF-4038-8919-FBA4EC3EC97E}.Release|Any CPU.ActiveCfg = Release|Any CPU
	EndGlobalSection
	GlobalSection(SolutionProperties) = preSolution
		HideSolutionNode = FALSE
	EndGlobalSection
	GlobalSection(ExtensibilityGlobals) = postSolution
		SolutionGuid = {B6DE9E64-8875-4F88-B77A-6207E46F2A4D}
	EndGlobalSection
EndGlobal
